
Microsoft Visual Studio Solution File, Format Version 12.00
# Visual Studio Version 17
VisualStudioVersion = 17.9.34622.214
MinimumVisualStudioVersion = 10.0.40219.1
Project("{54A90642-561A-4BB1-A94E-469ADEE60C69}") = "todo", "TODO\todo.esproj", "{404959E3-1247-4D09-99A7-7D2CFBDE8C09}"
EndProject
Global
	GlobalSection(SolutionConfigurationPlatforms) = preSolution
		Debug|Any CPU = Debug|Any CPU
		Release|Any CPU = Release|Any CPU
	EndGlobalSection
	GlobalSection(ProjectConfigurationPlatforms) = postSolution
		{404959E3-1247-4D09-99A7-7D2CFBDE8C09}.Debug|Any CPU.ActiveCfg = Debug|Any CPU
		{404959E3-1247-4D09-99A7-7D2CFBDE8C09}.Debug|Any CPU.Build.0 = Debug|Any CPU
		{404959E3-1247-4D09-99A7-7D2CFBDE8C09}.Debug|Any CPU.Deploy.0 = Debug|Any CPU
		{404959E3-1247-4D09-99A7-7D2CFBDE8C09}.Release|Any CPU.ActiveCfg = Release|Any CPU
		{404959E3-1247-4D09-99A7-7D2CFBDE8C09}.Release|Any CPU.Build.0 = Release|Any CPU
		{404959E3-1247-4D09-99A7-7D2CFBDE8C09}.Release|Any CPU.Deploy.0 = Release|Any CPU
	EndGlobalSection
	GlobalSection(SolutionProperties) = preSolution
		HideSolutionNode = FALSE
	EndGlobalSection
	GlobalSection(ExtensibilityGlobals) = postSolution
		SolutionGuid = {B5300D27-E34F-4958-B13A-1A866AEE2A4B}
	EndGlobalSection
EndGlobal
